
Microsoft Visual Studio Solution File, Format Version 12.00
# Visual Studio Version 17
VisualStudioVersion = 17.1.32120.378
MinimumVisualStudioVersion = 10.0.40219.1
Project("{9A19103F-16F7-4668-BE54-9A1E7A4F7556}") = "IdentityAPI", "Services\IdentityAPI\IdentityAPI.csproj", "{3094D9BC-B634-4A54-8CA8-7885AC864038}"
EndProject
Project("{9A19103F-16F7-4668-BE54-9A1E7A4F7556}") = "AuthCli", "Utilities\AuthCli\AuthCli.csproj", "{8427BABC-ED5F-4FF6-BCAC-DA70DD29C694}"
EndProject
Project("{9A19103F-16F7-4668-BE54-9A1E7A4F7556}") = "UsersAPI", "Services\UsersAPI\UsersAPI.csproj", "{9FD3CF0C-8ABF-434D-8585-090B40E810CF}"
EndProject
Project("{9A19103F-16F7-4668-BE54-9A1E7A4F7556}") = "TasksAPI", "Services\TasksAPI\TasksAPI.csproj", "{C2A81A0A-E316-4CDA-89F2-3E980ED53FC1}"
EndProject
Project("{2150E333-8FDC-42A3-9474-1A3956D46DE8}") = "Services", "Services", "{86339B68-E8BE-40DD-84FE-2B085D7D01FB}"
EndProject
Project("{2150E333-8FDC-42A3-9474-1A3956D46DE8}") = "Utilities", "Utilities", "{45F1EE1C-0F1C-4458-BBB5-EEABB7F1E63E}"
EndProject
Project("{54A90642-561A-4BB1-A94E-469ADEE60C69}") = "taskrvue", "taskrvue\taskrvue.esproj", "{0391B632-8A27-4513-97A8-8FC4B2B2245F}"
EndProject
Project("{9A19103F-16F7-4668-BE54-9A1E7A4F7556}") = "taskrweb", "taskrweb\taskrweb.csproj", "{60AFB3DE-19CF-4E3E-9D76-A482687C449C}"
EndProject
Project("{9A19103F-16F7-4668-BE54-9A1E7A4F7556}") = "TenantsAPI", "Services\TenantsAPI\TenantsAPI.csproj", "{8ADF11A8-2F89-4D56-A763-44F13B1A2DB9}"
EndProject
Project("{9A19103F-16F7-4668-BE54-9A1E7A4F7556}") = "LicensesAPI", "Services\LicensesAPI\LicensesAPI.csproj", "{749A3CDC-9E80-49A0-891F-09FB0876E25F}"
EndProject
Project("{FAE04EC0-301F-11D3-BF4B-00C04F79EFBC}") = "DatabaseUpdater", "Utilities\DatabaseUpdater\DatabaseUpdater.csproj", "{90BDA017-6CBB-41A1-B3B8-710F05BC5447}"
EndProject
Global
	GlobalSection(SolutionConfigurationPlatforms) = preSolution
		Debug|Any CPU = Debug|Any CPU
		Release|Any CPU = Release|Any CPU
	EndGlobalSection
	GlobalSection(ProjectConfigurationPlatforms) = postSolution
		{3094D9BC-B634-4A54-8CA8-7885AC864038}.Debug|Any CPU.ActiveCfg = Debug|Any CPU
		{3094D9BC-B634-4A54-8CA8-7885AC864038}.Debug|Any CPU.Build.0 = Debug|Any CPU
		{3094D9BC-B634-4A54-8CA8-7885AC864038}.Release|Any CPU.ActiveCfg = Release|Any CPU
		{3094D9BC-B634-4A54-8CA8-7885AC864038}.Release|Any CPU.Build.0 = Release|Any CPU
		{8427BABC-ED5F-4FF6-BCAC-DA70DD29C694}.Debug|Any CPU.ActiveCfg = Debug|Any CPU
		{8427BABC-ED5F-4FF6-BCAC-DA70DD29C694}.Debug|Any CPU.Build.0 = Debug|Any CPU
		{8427BABC-ED5F-4FF6-BCAC-DA70DD29C694}.Release|Any CPU.ActiveCfg = Release|Any CPU
		{8427BABC-ED5F-4FF6-BCAC-DA70DD29C694}.Release|Any CPU.Build.0 = Release|Any CPU
		{9FD3CF0C-8ABF-434D-8585-090B40E810CF}.Debug|Any CPU.ActiveCfg = Debug|Any CPU
		{9FD3CF0C-8ABF-434D-8585-090B40E810CF}.Debug|Any CPU.Build.0 = Debug|Any CPU
		{9FD3CF0C-8ABF-434D-8585-090B40E810CF}.Release|Any CPU.ActiveCfg = Release|Any CPU
		{9FD3CF0C-8ABF-434D-8585-090B40E810CF}.Release|Any CPU.Build.0 = Release|Any CPU
		{C2A81A0A-E316-4CDA-89F2-3E980ED53FC1}.Debug|Any CPU.ActiveCfg = Debug|Any CPU
		{C2A81A0A-E316-4CDA-89F2-3E980ED53FC1}.Debug|Any CPU.Build.0 = Debug|Any CPU
		{C2A81A0A-E316-4CDA-89F2-3E980ED53FC1}.Release|Any CPU.ActiveCfg = Release|Any CPU
		{C2A81A0A-E316-4CDA-89F2-3E980ED53FC1}.Release|Any CPU.Build.0 = Release|Any CPU
		{0391B632-8A27-4513-97A8-8FC4B2B2245F}.Debug|Any CPU.ActiveCfg = Debug|Any CPU
		{0391B632-8A27-4513-97A8-8FC4B2B2245F}.Debug|Any CPU.Build.0 = Debug|Any CPU
		{0391B632-8A27-4513-97A8-8FC4B2B2245F}.Debug|Any CPU.Deploy.0 = Debug|Any CPU
		{0391B632-8A27-4513-97A8-8FC4B2B2245F}.Release|Any CPU.ActiveCfg = Release|Any CPU
		{0391B632-8A27-4513-97A8-8FC4B2B2245F}.Release|Any CPU.Build.0 = Release|Any CPU
		{0391B632-8A27-4513-97A8-8FC4B2B2245F}.Release|Any CPU.Deploy.0 = Release|Any CPU
		{60AFB3DE-19CF-4E3E-9D76-A482687C449C}.Debug|Any CPU.ActiveCfg = Debug|Any CPU
		{60AFB3DE-19CF-4E3E-9D76-A482687C449C}.Debug|Any CPU.Build.0 = Debug|Any CPU
		{60AFB3DE-19CF-4E3E-9D76-A482687C449C}.Release|Any CPU.ActiveCfg = Release|Any CPU
		{60AFB3DE-19CF-4E3E-9D76-A482687C449C}.Release|Any CPU.Build.0 = Release|Any CPU
		{8ADF11A8-2F89-4D56-A763-44F13B1A2DB9}.Debug|Any CPU.ActiveCfg = Debug|Any CPU
		{8ADF11A8-2F89-4D56-A763-44F13B1A2DB9}.Debug|Any CPU.Build.0 = Debug|Any CPU
		{8ADF11A8-2F89-4D56-A763-44F13B1A2DB9}.Release|Any CPU.ActiveCfg = Release|Any CPU
		{8ADF11A8-2F89-4D56-A763-44F13B1A2DB9}.Release|Any CPU.Build.0 = Release|Any CPU
		{749A3CDC-9E80-49A0-891F-09FB0876E25F}.Debug|Any CPU.ActiveCfg = Debug|Any CPU
		{749A3CDC-9E80-49A0-891F-09FB0876E25F}.Debug|Any CPU.Build.0 = Debug|Any CPU
		{749A3CDC-9E80-49A0-891F-09FB0876E25F}.Release|Any CPU.ActiveCfg = Release|Any CPU
		{749A3CDC-9E80-49A0-891F-09FB0876E25F}.Release|Any CPU.Build.0 = Release|Any CPU
		{90BDA017-6CBB-41A1-B3B8-710F05BC5447}.Debug|Any CPU.ActiveCfg = Debug|Any CPU
		{90BDA017-6CBB-41A1-B3B8-710F05BC5447}.Debug|Any CPU.Build.0 = Debug|Any CPU
		{90BDA017-6CBB-41A1-B3B8-710F05BC5447}.Release|Any CPU.ActiveCfg = Release|Any CPU
		{90BDA017-6CBB-41A1-B3B8-710F05BC5447}.Release|Any CPU.Build.0 = Release|Any CPU
	EndGlobalSection
	GlobalSection(SolutionProperties) = preSolution
		HideSolutionNode = FALSE
	EndGlobalSection
	GlobalSection(NestedProjects) = preSolution
		{3094D9BC-B634-4A54-8CA8-7885AC864038} = {86339B68-E8BE-40DD-84FE-2B085D7D01FB}
		{8427BABC-ED5F-4FF6-BCAC-DA70DD29C694} = {45F1EE1C-0F1C-4458-BBB5-EEABB7F1E63E}
		{9FD3CF0C-8ABF-434D-8585-090B40E810CF} = {86339B68-E8BE-40DD-84FE-2B085D7D01FB}
		{C2A81A0A-E316-4CDA-89F2-3E980ED53FC1} = {86339B68-E8BE-40DD-84FE-2B085D7D01FB}
		{8ADF11A8-2F89-4D56-A763-44F13B1A2DB9} = {86339B68-E8BE-40DD-84FE-2B085D7D01FB}
		{749A3CDC-9E80-49A0-891F-09FB0876E25F} = {86339B68-E8BE-40DD-84FE-2B085D7D01FB}
		{90BDA017-6CBB-41A1-B3B8-710F05BC5447} = {45F1EE1C-0F1C-4458-BBB5-EEABB7F1E63E}
	EndGlobalSection
	GlobalSection(ExtensibilityGlobals) = postSolution
		SolutionGuid = {9DF2D84B-13FB-4155-964F-C9C0D4002AFF}
	EndGlobalSection
EndGlobal
